
Microsoft Visual Studio Solution File, Format Version 12.00
# Visual Studio Version 17
VisualStudioVersion = 17.8.34330.188
MinimumVisualStudioVersion = 10.0.40219.1
Project("{9A19103F-16F7-4668-BE54-9A1E7A4F7556}") = "Cra_chmerker", "Cra_chmerker\Cra_chmerker\Cra_chmerker.csproj", "{8E6ED643-07B3-4F98-81A3-FA2B1F5CE117}"
EndProject
Project("{9A19103F-16F7-4668-BE54-9A1E7A4F7556}") = "Cra_chmerker.Client", "Cra_chmerker\Cra_chmerker.Client\Cra_chmerker.Client.csproj", "{4DDD75D2-678F-4763-8E46-2DED0D4E9B26}"
EndProject
Project("{9A19103F-16F7-4668-BE54-9A1E7A4F7556}") = "Infra", "Infra\Infra.csproj", "{51805865-6B7A-4D82-82C0-782F61D13169}"
EndProject
Project("{FAE04EC0-301F-11D3-BF4B-00C04F79EFBC}") = "Memory", "Memory\Memory.csproj", "{497E6E64-73BD-4D72-98DC-CA84E0BD516F}"
EndProject
Global
	GlobalSection(SolutionConfigurationPlatforms) = preSolution
		Debug|Any CPU = Debug|Any CPU
		Release|Any CPU = Release|Any CPU
	EndGlobalSection
	GlobalSection(ProjectConfigurationPlatforms) = postSolution
		{8E6ED643-07B3-4F98-81A3-FA2B1F5CE117}.Debug|Any CPU.ActiveCfg = Debug|Any CPU
		{8E6ED643-07B3-4F98-81A3-FA2B1F5CE117}.Debug|Any CPU.Build.0 = Debug|Any CPU
		{8E6ED643-07B3-4F98-81A3-FA2B1F5CE117}.Release|Any CPU.ActiveCfg = Release|Any CPU
		{8E6ED643-07B3-4F98-81A3-FA2B1F5CE117}.Release|Any CPU.Build.0 = Release|Any CPU
		{4DDD75D2-678F-4763-8E46-2DED0D4E9B26}.Debug|Any CPU.ActiveCfg = Debug|Any CPU
		{4DDD75D2-678F-4763-8E46-2DED0D4E9B26}.Debug|Any CPU.Build.0 = Debug|Any CPU
		{4DDD75D2-678F-4763-8E46-2DED0D4E9B26}.Release|Any CPU.ActiveCfg = Release|Any CPU
		{4DDD75D2-678F-4763-8E46-2DED0D4E9B26}.Release|Any CPU.Build.0 = Release|Any CPU
		{51805865-6B7A-4D82-82C0-782F61D13169}.Debug|Any CPU.ActiveCfg = Debug|Any CPU
		{51805865-6B7A-4D82-82C0-782F61D13169}.Debug|Any CPU.Build.0 = Debug|Any CPU
		{51805865-6B7A-4D82-82C0-782F61D13169}.Release|Any CPU.ActiveCfg = Release|Any CPU
		{51805865-6B7A-4D82-82C0-782F61D13169}.Release|Any CPU.Build.0 = Release|Any CPU
		{497E6E64-73BD-4D72-98DC-CA84E0BD516F}.Debug|Any CPU.ActiveCfg = Debug|Any CPU
		{497E6E64-73BD-4D72-98DC-CA84E0BD516F}.Debug|Any CPU.Build.0 = Debug|Any CPU
		{497E6E64-73BD-4D72-98DC-CA84E0BD516F}.Release|Any CPU.ActiveCfg = Release|Any CPU
		{497E6E64-73BD-4D72-98DC-CA84E0BD516F}.Release|Any CPU.Build.0 = Release|Any CPU
	EndGlobalSection
	GlobalSection(SolutionProperties) = preSolution
		HideSolutionNode = FALSE
	EndGlobalSection
	GlobalSection(ExtensibilityGlobals) = postSolution
		SolutionGuid = {A377B39D-8628-4E19-BA91-8975A67DF603}
	EndGlobalSection
EndGlobal
